
Microsoft Visual Studio Solution File, Format Version 12.00
# Visual Studio 2013
VisualStudioVersion = 12.0.31101.0
MinimumVisualStudioVersion = 10.0.40219.1
Project("{FAE04EC0-301F-11D3-BF4B-00C04F79EFBC}") = "DependancyInjection", "DependancyInjection\DependancyInjection.csproj", "{476FB5EC-E7EC-4192-A375-A5FE4FB40C10}"
EndProject
Project("{FAE04EC0-301F-11D3-BF4B-00C04F79EFBC}") = "NoDependacyInjection", "NoDependancyInjection\NoDependacyInjection.csproj", "{FCC7E59B-92CD-462D-BA28-D68FC89516BE}"
EndProject
Project("{2150E333-8FDC-42A3-9474-1A3956D46DE8}") = ".nuget", ".nuget", "{6CD459D0-4537-4479-9A23-485FA348A9BC}"
	ProjectSection(SolutionItems) = preProject
		.nuget\NuGet.Config = .nuget\NuGet.Config
		.nuget\NuGet.exe = .nuget\NuGet.exe
		.nuget\NuGet.targets = .nuget\NuGet.targets
	EndProjectSection
EndProject
Global
	GlobalSection(SolutionConfigurationPlatforms) = preSolution
		Debug|x86 = Debug|x86
		Release|x86 = Release|x86
	EndGlobalSection
	GlobalSection(ProjectConfigurationPlatforms) = postSolution
		{476FB5EC-E7EC-4192-A375-A5FE4FB40C10}.Debug|x86.ActiveCfg = Debug|x86
		{476FB5EC-E7EC-4192-A375-A5FE4FB40C10}.Debug|x86.Build.0 = Debug|x86
		{476FB5EC-E7EC-4192-A375-A5FE4FB40C10}.Release|x86.ActiveCfg = Release|x86
		{476FB5EC-E7EC-4192-A375-A5FE4FB40C10}.Release|x86.Build.0 = Release|x86
		{FCC7E59B-92CD-462D-BA28-D68FC89516BE}.Debug|x86.ActiveCfg = Debug|x86
		{FCC7E59B-92CD-462D-BA28-D68FC89516BE}.Debug|x86.Build.0 = Debug|x86
		{FCC7E59B-92CD-462D-BA28-D68FC89516BE}.Release|x86.ActiveCfg = Release|x86
		{FCC7E59B-92CD-462D-BA28-D68FC89516BE}.Release|x86.Build.0 = Release|x86
	EndGlobalSection
	GlobalSection(SolutionProperties) = preSolution
		HideSolutionNode = FALSE
	EndGlobalSection
EndGlobal
